
Microsoft Visual Studio Solution File, Format Version 12.00
# Visual Studio 15
VisualStudioVersion = 15.0.28010.2048
MinimumVisualStudioVersion = 10.0.40219.1
Project("{FAE04EC0-301F-11D3-BF4B-00C04F79EFBC}") = "ConsoleApp2", "ConsoleApp2\ConsoleApp2.csproj", "{AF7BBD0E-3922-4C3F-B952-758469A31ECB}"
EndProject
Global
	GlobalSection(SolutionConfigurationPlatforms) = preSolution
		Debug|Any CPU = Debug|Any CPU
		Release|Any CPU = Release|Any CPU
	EndGlobalSection
	GlobalSection(ProjectConfigurationPlatforms) = postSolution
		{AF7BBD0E-3922-4C3F-B952-758469A31ECB}.Debug|Any CPU.ActiveCfg = Debug|Any CPU
		{AF7BBD0E-3922-4C3F-B952-758469A31ECB}.Debug|Any CPU.Build.0 = Debug|Any CPU
		{AF7BBD0E-3922-4C3F-B952-758469A31ECB}.Release|Any CPU.ActiveCfg = Release|Any CPU
		{AF7BBD0E-3922-4C3F-B952-758469A31ECB}.Release|Any CPU.Build.0 = Release|Any CPU
	EndGlobalSection
	GlobalSection(SolutionProperties) = preSolution
		HideSolutionNode = FALSE
	EndGlobalSection
	GlobalSection(ExtensibilityGlobals) = postSolution
		SolutionGuid = {A60F38FB-DD43-4F59-9583-5C4E5B929997}
	EndGlobalSection
EndGlobal
